<Solution>
  <Project Path="src/HugoMatter.ApiService/HugoMatter.ApiService.csproj" />
  <Project Path="src/HugoMatter.AppHost/HugoMatter.AppHost.csproj" />
  <Project Path="src/HugoMatter.Core/HugoMatter.Core.csproj" />
  <Project Path="src/HugoMatter.Infrastructure/HugoMatter.Infrastructure.csproj" />
  <Project Path="src/HugoMatter.ServiceDefaults/HugoMatter.ServiceDefaults.csproj" />
  <Project Path="src/HugoMatter.ThemePacks/HugoMatter.ThemePacks.csproj" />
  <Project Path="src/HugoMatter.Web/HugoMatter.Web.csproj" />
  <Project Path="tests/HugoMatter.ApiService.Tests/HugoMatter.ApiService.Tests.csproj" />
  <Project Path="tests/HugoMatter.Core.Tests/HugoMatter.Core.Tests.csproj" />
  <Project Path="tests/HugoMatter.E2E.Tests/HugoMatter.E2E.Tests.csproj" />
</Solution>
